
Microsoft Visual Studio Solution File, Format Version 12.00
# Visual Studio Version 17
VisualStudioVersion = 17.5.33516.290
MinimumVisualStudioVersion = 10.0.40219.1
Project("{FAE04EC0-301F-11D3-BF4B-00C04F79EFBC}") = "ChatGptCommitMessageGenerator", "ChatGptCommitMessageGenerator\ChatGptCommitMessageGenerator.csproj", "{F88514C7-1A6A-4F1E-A99D-D7177E3B36CA}"
EndProject
Global
	GlobalSection(SolutionConfigurationPlatforms) = preSolution
		Debug|Any CPU = Debug|Any CPU
		Debug|arm64 = Debug|arm64
		Debug|x86 = Debug|x86
		Release|Any CPU = Release|Any CPU
		Release|arm64 = Release|arm64
		Release|x86 = Release|x86
	EndGlobalSection
	GlobalSection(ProjectConfigurationPlatforms) = postSolution
		{F88514C7-1A6A-4F1E-A99D-D7177E3B36CA}.Debug|Any CPU.ActiveCfg = Debug|Any CPU
		{F88514C7-1A6A-4F1E-A99D-D7177E3B36CA}.Debug|Any CPU.Build.0 = Debug|Any CPU
		{F88514C7-1A6A-4F1E-A99D-D7177E3B36CA}.Debug|arm64.ActiveCfg = Debug|arm64
		{F88514C7-1A6A-4F1E-A99D-D7177E3B36CA}.Debug|arm64.Build.0 = Debug|arm64
		{F88514C7-1A6A-4F1E-A99D-D7177E3B36CA}.Debug|x86.ActiveCfg = Debug|x86
		{F88514C7-1A6A-4F1E-A99D-D7177E3B36CA}.Debug|x86.Build.0 = Debug|x86
		{F88514C7-1A6A-4F1E-A99D-D7177E3B36CA}.Release|Any CPU.ActiveCfg = Release|Any CPU
		{F88514C7-1A6A-4F1E-A99D-D7177E3B36CA}.Release|Any CPU.Build.0 = Release|Any CPU
		{F88514C7-1A6A-4F1E-A99D-D7177E3B36CA}.Release|arm64.ActiveCfg = Release|arm64
		{F88514C7-1A6A-4F1E-A99D-D7177E3B36CA}.Release|arm64.Build.0 = Release|arm64
		{F88514C7-1A6A-4F1E-A99D-D7177E3B36CA}.Release|x86.ActiveCfg = Release|x86
		{F88514C7-1A6A-4F1E-A99D-D7177E3B36CA}.Release|x86.Build.0 = Release|x86
	EndGlobalSection
	GlobalSection(SolutionProperties) = preSolution
		HideSolutionNode = FALSE
	EndGlobalSection
	GlobalSection(ExtensibilityGlobals) = postSolution
		SolutionGuid = {92A9F00B-FF9D-4526-A9EE-81F2875C7525}
	EndGlobalSection
EndGlobal
